<Project ToolsVersion="4.0" xmlns="http://schemas.microsoft.com/developer/msbuild/2003">
  <ItemGroup>
    <Filter Include="Source Files">
      <UniqueIdentifier>{4FC737F1-C7A5-4376-A066-2A32D752A2FF}</UniqueIdentifier>
      <Extensions>cpp;c;cc;cxx;def;odl;idl;hpj;bat;asm;asmx</Extensions>
    </Filter>
    <Filter Include="Header Files">
      <UniqueIdentifier>{93995380-89BD-4b04-88EB-625FBE52EBFB}</UniqueIdentifier>
      <Extensions>h;hpp;hxx;hm;inl;inc;xsd</Extensions>
    </Filter>
    <Filter Include="Resource Files">
      <UniqueIdentifier>{67DA6AB6-F800-4c08-8B7A-83BB121AAD01}</UniqueIdentifier>
      <Extensions>rc;ico;cur;bmp;dlg;rc2;rct;bin;rgs;gif;jpg;jpeg;jpe;resx;tiff;tif;png;wav</Extensions>
    </Filter>
    <Filter Include="Blocks">
      <UniqueIdentifier>{25480BA7-7BC0-419C-8812-DECD0C0F6D20}</UniqueIdentifier>
    </Filter>
    <Filter Include="Blocks\Cinder-SocketIO">
      <UniqueIdentifier>{25C915B0-AB2C-49F4-8CB3-A4CEF4E98F2E}</UniqueIdentifier>
    </Filter>
    <Filter Include="Blocks\Cinder-SocketIO\src">
      <UniqueIdentifier>{BCCB20C2-7EBD-4D80-826E-6A0D7616E5AF}</UniqueIdentifier>
    </Filter>
  </ItemGroup>
  <ItemGroup>
    <ClCompile Include="..\src\SocketIOCltApp.cpp">
      <Filter>Source Files</Filter>
    </ClCompile>
    <ClCompile Include="..\src\SocketIOCltApp.cpp">
      <Filter>Source Files</Filter>
    </ClCompile>
    <ClInclude Include="..\include\Resources.h">
      <Filter>Header Files</Filter>
    </ClInclude>
    <ClCompile Include="..\..\..\src\sio_client.cpp">
      <Filter>Blocks\Cinder-SocketIO\src</Filter>
    </ClCompile>
    <ClCompile Include="..\..\..\src\sio_socket.cpp">
      <Filter>Blocks\Cinder-SocketIO\src</Filter>
    </ClCompile>
    <ClInclude Include="..\..\..\src\sio_client.h">
      <Filter>Blocks\Cinder-SocketIO\src</Filter>
    </ClInclude>
    <ClInclude Include="..\..\..\src\sio_message.h">
      <Filter>Blocks\Cinder-SocketIO\src</Filter>
    </ClInclude>
    <ClInclude Include="..\..\..\src\sio_socket.h">
      <Filter>Blocks\Cinder-SocketIO\src</Filter>
    </ClInclude>
  </ItemGroup>
  <ItemGroup>
    <ClInclude Include="..\include\Resources.h">
      <Filter>Header Files</Filter>
    </ClInclude>
  </ItemGroup>
  <ItemGroup>
    <ResourceCompile Include="Resources.rc">
      <Filter>Resource Files</Filter>
    </ResourceCompile>
  </ItemGroup>
</Project>
